
Microsoft Visual Studio Solution File, Format Version 12.00
# Visual Studio 2013
VisualStudioVersion = 12.0.31101.0
MinimumVisualStudioVersion = 10.0.40219.1
Project("{FAE04EC0-301F-11D3-BF4B-00C04F79EFBC}") = "ArghyaC", "ArghyaC\ArghyaC.csproj", "{316C8C1C-09B0-4A04-AA28-0F2660AC4C42}"
EndProject
Project("{FAE04EC0-301F-11D3-BF4B-00C04F79EFBC}") = "ArghyaC.Infrastructure", "ArghyaC.Infrastructure\ArghyaC.Infrastructure.csproj", "{3136DEA5-054F-49B4-AE74-6A092BBF99B4}"
EndProject
Project("{FAE04EC0-301F-11D3-BF4B-00C04F79EFBC}") = "ArghyaC.Application", "ArghyaC.Application\ArghyaC.Application.csproj", "{E73FFA83-B8E0-43DC-8E80-DCC6E01D7339}"
EndProject
Project("{FAE04EC0-301F-11D3-BF4B-00C04F79EFBC}") = "ArghyaC.Domain", "ArghyaC.Domain\ArghyaC.Domain.csproj", "{5EB9F911-6F9F-4A6D-893E-EF25026AB9C9}"
EndProject
Project("{FAE04EC0-301F-11D3-BF4B-00C04F79EFBC}") = "ArghyaC.CSharpRunner", "ArghyaC.CSharpRunner\ArghyaC.CSharpRunner.csproj", "{60015FCA-5070-45FF-8BA2-B6A860AF212E}"
EndProject
Global
	GlobalSection(SolutionConfigurationPlatforms) = preSolution
		Debug|Any CPU = Debug|Any CPU
		Release|Any CPU = Release|Any CPU
	EndGlobalSection
	GlobalSection(ProjectConfigurationPlatforms) = postSolution
		{316C8C1C-09B0-4A04-AA28-0F2660AC4C42}.Debug|Any CPU.ActiveCfg = Debug|Any CPU
		{316C8C1C-09B0-4A04-AA28-0F2660AC4C42}.Debug|Any CPU.Build.0 = Debug|Any CPU
		{316C8C1C-09B0-4A04-AA28-0F2660AC4C42}.Release|Any CPU.ActiveCfg = Release|Any CPU
		{316C8C1C-09B0-4A04-AA28-0F2660AC4C42}.Release|Any CPU.Build.0 = Release|Any CPU
		{3136DEA5-054F-49B4-AE74-6A092BBF99B4}.Debug|Any CPU.ActiveCfg = Debug|Any CPU
		{3136DEA5-054F-49B4-AE74-6A092BBF99B4}.Debug|Any CPU.Build.0 = Debug|Any CPU
		{3136DEA5-054F-49B4-AE74-6A092BBF99B4}.Release|Any CPU.ActiveCfg = Release|Any CPU
		{3136DEA5-054F-49B4-AE74-6A092BBF99B4}.Release|Any CPU.Build.0 = Release|Any CPU
		{E73FFA83-B8E0-43DC-8E80-DCC6E01D7339}.Debug|Any CPU.ActiveCfg = Debug|Any CPU
		{E73FFA83-B8E0-43DC-8E80-DCC6E01D7339}.Debug|Any CPU.Build.0 = Debug|Any CPU
		{E73FFA83-B8E0-43DC-8E80-DCC6E01D7339}.Release|Any CPU.ActiveCfg = Release|Any CPU
		{E73FFA83-B8E0-43DC-8E80-DCC6E01D7339}.Release|Any CPU.Build.0 = Release|Any CPU
		{5EB9F911-6F9F-4A6D-893E-EF25026AB9C9}.Debug|Any CPU.ActiveCfg = Debug|Any CPU
		{5EB9F911-6F9F-4A6D-893E-EF25026AB9C9}.Debug|Any CPU.Build.0 = Debug|Any CPU
		{5EB9F911-6F9F-4A6D-893E-EF25026AB9C9}.Release|Any CPU.ActiveCfg = Release|Any CPU
		{5EB9F911-6F9F-4A6D-893E-EF25026AB9C9}.Release|Any CPU.Build.0 = Release|Any CPU
		{60015FCA-5070-45FF-8BA2-B6A860AF212E}.Debug|Any CPU.ActiveCfg = Debug|Any CPU
		{60015FCA-5070-45FF-8BA2-B6A860AF212E}.Debug|Any CPU.Build.0 = Debug|Any CPU
		{60015FCA-5070-45FF-8BA2-B6A860AF212E}.Release|Any CPU.ActiveCfg = Release|Any CPU
		{60015FCA-5070-45FF-8BA2-B6A860AF212E}.Release|Any CPU.Build.0 = Release|Any CPU
	EndGlobalSection
	GlobalSection(SolutionProperties) = preSolution
		HideSolutionNode = FALSE
	EndGlobalSection
EndGlobal
